
Microsoft Visual Studio Solution File, Format Version 12.00
Project("{FAE04EC0-301F-11D3-BF4B-00C04F79EFBC}") = "ECommerceProject.API", "ECommerceProject.API\ECommerceProject.API.csproj", "{B33EBB78-F332-4DEC-AB16-79D798755933}"
EndProject
Project("{FAE04EC0-301F-11D3-BF4B-00C04F79EFBC}") = "ECommerceProject.Core", "ECommerceProject.Core\ECommerceProject.Core.csproj", "{D06A1999-E04A-4B9C-BF00-6DFC00196F29}"
EndProject
Project("{FAE04EC0-301F-11D3-BF4B-00C04F79EFBC}") = "MyServices", "MyServices\MyServices.csproj", "{00CC0F3B-0B8F-470A-A151-B24C45C180BB}"
EndProject
Project("{FAE04EC0-301F-11D3-BF4B-00C04F79EFBC}") = "PaymentAPI", "PaymentAPI\PaymentAPI.csproj", "{ABE27B62-6989-4922-A182-9FEDDEBAF555}"
EndProject
Project("{FAE04EC0-301F-11D3-BF4B-00C04F79EFBC}") = "PaymentAPI.models", "PaymentAPI.models\PaymentAPI.models.csproj", "{76E5CF75-EE9B-44B7-B137-8C5BF75BB952}"
EndProject
Project("{2150E333-8FDC-42A3-9474-1A3956D46DE8}") = "ECommerce", "ECommerce", "{96B176C5-B15B-41BE-940B-1EF23DD4324A}"
EndProject
Project("{2150E333-8FDC-42A3-9474-1A3956D46DE8}") = "Payment", "Payment", "{5933BE63-734D-4B30-8265-305C0D387546}"
EndProject
Global
	GlobalSection(SolutionConfigurationPlatforms) = preSolution
		Debug|Any CPU = Debug|Any CPU
		Release|Any CPU = Release|Any CPU
	EndGlobalSection
	GlobalSection(ProjectConfigurationPlatforms) = postSolution
		{B33EBB78-F332-4DEC-AB16-79D798755933}.Debug|Any CPU.ActiveCfg = Debug|Any CPU
		{B33EBB78-F332-4DEC-AB16-79D798755933}.Debug|Any CPU.Build.0 = Debug|Any CPU
		{B33EBB78-F332-4DEC-AB16-79D798755933}.Release|Any CPU.ActiveCfg = Release|Any CPU
		{B33EBB78-F332-4DEC-AB16-79D798755933}.Release|Any CPU.Build.0 = Release|Any CPU
		{D06A1999-E04A-4B9C-BF00-6DFC00196F29}.Debug|Any CPU.ActiveCfg = Debug|Any CPU
		{D06A1999-E04A-4B9C-BF00-6DFC00196F29}.Debug|Any CPU.Build.0 = Debug|Any CPU
		{D06A1999-E04A-4B9C-BF00-6DFC00196F29}.Release|Any CPU.ActiveCfg = Release|Any CPU
		{D06A1999-E04A-4B9C-BF00-6DFC00196F29}.Release|Any CPU.Build.0 = Release|Any CPU
		{00CC0F3B-0B8F-470A-A151-B24C45C180BB}.Debug|Any CPU.ActiveCfg = Debug|Any CPU
		{00CC0F3B-0B8F-470A-A151-B24C45C180BB}.Debug|Any CPU.Build.0 = Debug|Any CPU
		{00CC0F3B-0B8F-470A-A151-B24C45C180BB}.Release|Any CPU.ActiveCfg = Release|Any CPU
		{00CC0F3B-0B8F-470A-A151-B24C45C180BB}.Release|Any CPU.Build.0 = Release|Any CPU
		{ABE27B62-6989-4922-A182-9FEDDEBAF555}.Debug|Any CPU.ActiveCfg = Debug|Any CPU
		{ABE27B62-6989-4922-A182-9FEDDEBAF555}.Debug|Any CPU.Build.0 = Debug|Any CPU
		{ABE27B62-6989-4922-A182-9FEDDEBAF555}.Release|Any CPU.ActiveCfg = Release|Any CPU
		{ABE27B62-6989-4922-A182-9FEDDEBAF555}.Release|Any CPU.Build.0 = Release|Any CPU
		{76E5CF75-EE9B-44B7-B137-8C5BF75BB952}.Debug|Any CPU.ActiveCfg = Debug|Any CPU
		{76E5CF75-EE9B-44B7-B137-8C5BF75BB952}.Debug|Any CPU.Build.0 = Debug|Any CPU
		{76E5CF75-EE9B-44B7-B137-8C5BF75BB952}.Release|Any CPU.ActiveCfg = Release|Any CPU
		{76E5CF75-EE9B-44B7-B137-8C5BF75BB952}.Release|Any CPU.Build.0 = Release|Any CPU
	EndGlobalSection
	GlobalSection(NestedProjects) = preSolution
		{B33EBB78-F332-4DEC-AB16-79D798755933} = {96B176C5-B15B-41BE-940B-1EF23DD4324A}
		{D06A1999-E04A-4B9C-BF00-6DFC00196F29} = {96B176C5-B15B-41BE-940B-1EF23DD4324A}
		{ABE27B62-6989-4922-A182-9FEDDEBAF555} = {5933BE63-734D-4B30-8265-305C0D387546}
		{76E5CF75-EE9B-44B7-B137-8C5BF75BB952} = {5933BE63-734D-4B30-8265-305C0D387546}
	EndGlobalSection
EndGlobal
